
Microsoft Visual Studio Solution File, Format Version 12.00
# Visual Studio 15
VisualStudioVersion = 15.0.28010.2046
MinimumVisualStudioVersion = 10.0.40219.1
Project("{2150E333-8FDC-42A3-9474-1A3956D46DE8}") = "src", "src", "{28BBC876-1EED-4472-9C74-853FB58A2A94}"
EndProject
Project("{2150E333-8FDC-42A3-9474-1A3956D46DE8}") = "test", "test", "{1FF10A33-CC56-48FF-BD25-35973874C564}"
EndProject
Project("{9A19103F-16F7-4668-BE54-9A1E7A4F7556}") = "MediaTonic.AnimalGame.API", "src\MediaTonic.AnimalGame\MediaTonic.AnimalGame.API.csproj", "{58C1F41A-9D4A-4B95-927A-6C9CE0D3F6A8}"
EndProject
Project("{FAE04EC0-301F-11D3-BF4B-00C04F79EFBC}") = "MediaTonic.AnimalGame.Tests", "test\MediaTonic.AnimalGame.Tests\MediaTonic.AnimalGame.Tests.csproj", "{E27F2221-7FD8-474D-8308-7AC45EF5D114}"
EndProject
Global
	GlobalSection(SolutionConfigurationPlatforms) = preSolution
		Debug|Any CPU = Debug|Any CPU
		Release|Any CPU = Release|Any CPU
	EndGlobalSection
	GlobalSection(ProjectConfigurationPlatforms) = postSolution
		{58C1F41A-9D4A-4B95-927A-6C9CE0D3F6A8}.Debug|Any CPU.ActiveCfg = Debug|Any CPU
		{58C1F41A-9D4A-4B95-927A-6C9CE0D3F6A8}.Debug|Any CPU.Build.0 = Debug|Any CPU
		{58C1F41A-9D4A-4B95-927A-6C9CE0D3F6A8}.Release|Any CPU.ActiveCfg = Release|Any CPU
		{58C1F41A-9D4A-4B95-927A-6C9CE0D3F6A8}.Release|Any CPU.Build.0 = Release|Any CPU
		{E27F2221-7FD8-474D-8308-7AC45EF5D114}.Debug|Any CPU.ActiveCfg = Debug|Any CPU
		{E27F2221-7FD8-474D-8308-7AC45EF5D114}.Debug|Any CPU.Build.0 = Debug|Any CPU
		{E27F2221-7FD8-474D-8308-7AC45EF5D114}.Release|Any CPU.ActiveCfg = Release|Any CPU
		{E27F2221-7FD8-474D-8308-7AC45EF5D114}.Release|Any CPU.Build.0 = Release|Any CPU
	EndGlobalSection
	GlobalSection(SolutionProperties) = preSolution
		HideSolutionNode = FALSE
	EndGlobalSection
	GlobalSection(NestedProjects) = preSolution
		{58C1F41A-9D4A-4B95-927A-6C9CE0D3F6A8} = {28BBC876-1EED-4472-9C74-853FB58A2A94}
		{E27F2221-7FD8-474D-8308-7AC45EF5D114} = {1FF10A33-CC56-48FF-BD25-35973874C564}
	EndGlobalSection
	GlobalSection(ExtensibilityGlobals) = postSolution
		SolutionGuid = {6F9C9EAF-817D-4004-BA4F-2C763F5DC006}
	EndGlobalSection
EndGlobal
